
Microsoft Visual Studio Solution File, Format Version 12.00
Project("{FAE04EC0-301F-11D3-BF4B-00C04F79EFBC}") = "CSharpToTypeScript.Core", "src\SysTec.CSharpToTypeScript.Core\CSharpToTypeScript.Core.csproj", "{9CE69D96-8DB5-4AB4-A883-1F3BE31227EE}"
EndProject
Project("{FAE04EC0-301F-11D3-BF4B-00C04F79EFBC}") = "SysTec.CSharpToTypeScript.CLITool", "src\SysTec.CSharpToTypeScript.CLITool\SysTec.CSharpToTypeScript.CLITool.csproj", "{6B55A88A-1B06-4B2F-BB1D-6D4354A623EB}"
EndProject
Global
	GlobalSection(SolutionConfigurationPlatforms) = preSolution
		Debug|Any CPU = Debug|Any CPU
		Release|Any CPU = Release|Any CPU
	EndGlobalSection
	GlobalSection(ProjectConfigurationPlatforms) = postSolution
		{9CE69D96-8DB5-4AB4-A883-1F3BE31227EE}.Debug|Any CPU.ActiveCfg = Debug|Any CPU
		{9CE69D96-8DB5-4AB4-A883-1F3BE31227EE}.Debug|Any CPU.Build.0 = Debug|Any CPU
		{9CE69D96-8DB5-4AB4-A883-1F3BE31227EE}.Release|Any CPU.ActiveCfg = Release|Any CPU
		{9CE69D96-8DB5-4AB4-A883-1F3BE31227EE}.Release|Any CPU.Build.0 = Release|Any CPU
		{6B55A88A-1B06-4B2F-BB1D-6D4354A623EB}.Debug|Any CPU.ActiveCfg = Debug|Any CPU
		{6B55A88A-1B06-4B2F-BB1D-6D4354A623EB}.Debug|Any CPU.Build.0 = Debug|Any CPU
		{6B55A88A-1B06-4B2F-BB1D-6D4354A623EB}.Release|Any CPU.ActiveCfg = Release|Any CPU
		{6B55A88A-1B06-4B2F-BB1D-6D4354A623EB}.Release|Any CPU.Build.0 = Release|Any CPU
	EndGlobalSection
EndGlobal
